
Microsoft Visual Studio Solution File, Format Version 12.00
# Visual Studio Version 16
VisualStudioVersion = 16.0.31410.357
MinimumVisualStudioVersion = 10.0.40219.1
Project("{FAE04EC0-301F-11D3-BF4B-00C04F79EFBC}") = "Geometry", "Geometry\Geometry.csproj", "{54FA57AD-5B7F-4798-BBD8-FD30B8C604E3}"
EndProject
Global
	GlobalSection(SolutionConfigurationPlatforms) = preSolution
		Debug|Any CPU = Debug|Any CPU
		Release|Any CPU = Release|Any CPU
	EndGlobalSection
	GlobalSection(ProjectConfigurationPlatforms) = postSolution
		{54FA57AD-5B7F-4798-BBD8-FD30B8C604E3}.Debug|Any CPU.ActiveCfg = Debug|Any CPU
		{54FA57AD-5B7F-4798-BBD8-FD30B8C604E3}.Debug|Any CPU.Build.0 = Debug|Any CPU
		{54FA57AD-5B7F-4798-BBD8-FD30B8C604E3}.Release|Any CPU.ActiveCfg = Release|Any CPU
		{54FA57AD-5B7F-4798-BBD8-FD30B8C604E3}.Release|Any CPU.Build.0 = Release|Any CPU
	EndGlobalSection
	GlobalSection(SolutionProperties) = preSolution
		HideSolutionNode = FALSE
	EndGlobalSection
	GlobalSection(ExtensibilityGlobals) = postSolution
		SolutionGuid = {25ADC32D-E090-49F1-9497-D078B4265CAB}
	EndGlobalSection
EndGlobal
